
Microsoft Visual Studio Solution File, Format Version 12.00
# Visual Studio Version 16
VisualStudioVersion = 16.0.29503.13
MinimumVisualStudioVersion = 10.0.40219.1
Project("{FAE04EC0-301F-11D3-BF4B-00C04F79EFBC}") = "Festispec_Web", "Festispec_Web\Festispec_Web.csproj", "{7F227BAB-5319-462A-BE6C-8AD88E83AABB}"
EndProject
Global
	GlobalSection(SolutionConfigurationPlatforms) = preSolution
		Debug|Any CPU = Debug|Any CPU
		Release|Any CPU = Release|Any CPU
	EndGlobalSection
	GlobalSection(ProjectConfigurationPlatforms) = postSolution
		{7F227BAB-5319-462A-BE6C-8AD88E83AABB}.Debug|Any CPU.ActiveCfg = Debug|Any CPU
		{7F227BAB-5319-462A-BE6C-8AD88E83AABB}.Debug|Any CPU.Build.0 = Debug|Any CPU
		{7F227BAB-5319-462A-BE6C-8AD88E83AABB}.Release|Any CPU.ActiveCfg = Release|Any CPU
		{7F227BAB-5319-462A-BE6C-8AD88E83AABB}.Release|Any CPU.Build.0 = Release|Any CPU
	EndGlobalSection
	GlobalSection(SolutionProperties) = preSolution
		HideSolutionNode = FALSE
	EndGlobalSection
	GlobalSection(ExtensibilityGlobals) = postSolution
		SolutionGuid = {55A5BD60-C0D7-47AD-9B2B-B8DAC18CA9D2}
	EndGlobalSection
EndGlobal
